
Microsoft Visual Studio Solution File, Format Version 12.00
# Visual Studio Version 17
VisualStudioVersion = 17.3.32804.467
MinimumVisualStudioVersion = 10.0.40219.1
Project("{9A19103F-16F7-4668-BE54-9A1E7A4F7556}") = "AppUsuario.PL", "WinFormsApp1\AppUsuario.PL.csproj", "{8ABC28E0-77E6-419F-924C-D9758246CCE1}"
EndProject
Project("{9A19103F-16F7-4668-BE54-9A1E7A4F7556}") = "Entidad", "Entidad\Entidad.csproj", "{B8448EC7-D714-46EA-B186-06023CD5B571}"
EndProject
Project("{FAE04EC0-301F-11D3-BF4B-00C04F79EFBC}") = "Negocio", "Negocio\Negocio.csproj", "{815BCEFE-D22C-49FC-962D-E3F242E45FAA}"
EndProject
Project("{FAE04EC0-301F-11D3-BF4B-00C04F79EFBC}") = "Datos", "Datos\Datos.csproj", "{F14F34CC-4664-4428-8EE4-87E0EB26DC2C}"
EndProject
Global
	GlobalSection(SolutionConfigurationPlatforms) = preSolution
		Debug|Any CPU = Debug|Any CPU
		Release|Any CPU = Release|Any CPU
	EndGlobalSection
	GlobalSection(ProjectConfigurationPlatforms) = postSolution
		{8ABC28E0-77E6-419F-924C-D9758246CCE1}.Debug|Any CPU.ActiveCfg = Debug|Any CPU
		{8ABC28E0-77E6-419F-924C-D9758246CCE1}.Debug|Any CPU.Build.0 = Debug|Any CPU
		{8ABC28E0-77E6-419F-924C-D9758246CCE1}.Release|Any CPU.ActiveCfg = Release|Any CPU
		{8ABC28E0-77E6-419F-924C-D9758246CCE1}.Release|Any CPU.Build.0 = Release|Any CPU
		{B8448EC7-D714-46EA-B186-06023CD5B571}.Debug|Any CPU.ActiveCfg = Debug|Any CPU
		{B8448EC7-D714-46EA-B186-06023CD5B571}.Debug|Any CPU.Build.0 = Debug|Any CPU
		{B8448EC7-D714-46EA-B186-06023CD5B571}.Release|Any CPU.ActiveCfg = Release|Any CPU
		{B8448EC7-D714-46EA-B186-06023CD5B571}.Release|Any CPU.Build.0 = Release|Any CPU
		{815BCEFE-D22C-49FC-962D-E3F242E45FAA}.Debug|Any CPU.ActiveCfg = Debug|Any CPU
		{815BCEFE-D22C-49FC-962D-E3F242E45FAA}.Debug|Any CPU.Build.0 = Debug|Any CPU
		{815BCEFE-D22C-49FC-962D-E3F242E45FAA}.Release|Any CPU.ActiveCfg = Release|Any CPU
		{815BCEFE-D22C-49FC-962D-E3F242E45FAA}.Release|Any CPU.Build.0 = Release|Any CPU
		{F14F34CC-4664-4428-8EE4-87E0EB26DC2C}.Debug|Any CPU.ActiveCfg = Debug|Any CPU
		{F14F34CC-4664-4428-8EE4-87E0EB26DC2C}.Debug|Any CPU.Build.0 = Debug|Any CPU
		{F14F34CC-4664-4428-8EE4-87E0EB26DC2C}.Release|Any CPU.ActiveCfg = Release|Any CPU
		{F14F34CC-4664-4428-8EE4-87E0EB26DC2C}.Release|Any CPU.Build.0 = Release|Any CPU
	EndGlobalSection
	GlobalSection(SolutionProperties) = preSolution
		HideSolutionNode = FALSE
	EndGlobalSection
	GlobalSection(ExtensibilityGlobals) = postSolution
		SolutionGuid = {636CE41F-0412-442D-A7E6-2FCC8A167ABD}
	EndGlobalSection
EndGlobal
